
Microsoft Visual Studio Solution File, Format Version 12.00
# Visual Studio Version 17
VisualStudioVersion = 17.11.35327.3
MinimumVisualStudioVersion = 10.0.40219.1
Project("{FAE04EC0-301F-11D3-BF4B-00C04F79EFBC}") = "BTL_CharityWebsite", "BTL_CharityWebsite\BTL_CharityWebsite.csproj", "{78D0DABC-EDF5-430D-8FED-35EA88B0834B}"
EndProject
Global
	GlobalSection(SolutionConfigurationPlatforms) = preSolution
		Debug|Any CPU = Debug|Any CPU
		Release|Any CPU = Release|Any CPU
	EndGlobalSection
	GlobalSection(ProjectConfigurationPlatforms) = postSolution
		{78D0DABC-EDF5-430D-8FED-35EA88B0834B}.Debug|Any CPU.ActiveCfg = Debug|Any CPU
		{78D0DABC-EDF5-430D-8FED-35EA88B0834B}.Debug|Any CPU.Build.0 = Debug|Any CPU
		{78D0DABC-EDF5-430D-8FED-35EA88B0834B}.Release|Any CPU.ActiveCfg = Release|Any CPU
		{78D0DABC-EDF5-430D-8FED-35EA88B0834B}.Release|Any CPU.Build.0 = Release|Any CPU
	EndGlobalSection
	GlobalSection(SolutionProperties) = preSolution
		HideSolutionNode = FALSE
	EndGlobalSection
	GlobalSection(ExtensibilityGlobals) = postSolution
		SolutionGuid = {4B3D4953-6B55-4C60-9284-AE7A7F12E6B6}
	EndGlobalSection
EndGlobal
